
Microsoft Visual Studio Solution File, Format Version 12.00
# Visual Studio Version 17
VisualStudioVersion = 17.3.32929.385
MinimumVisualStudioVersion = 10.0.40219.1
Project("{FAE04EC0-301F-11D3-BF4B-00C04F79EFBC}") = "WOPR Systems", "WOPR Systems\WOPR Systems.csproj", "{6779BD96-9F98-49E2-A874-782060E0ADFD}"
EndProject
Global
	GlobalSection(SolutionConfigurationPlatforms) = preSolution
		Debug|Any CPU = Debug|Any CPU
		Release|Any CPU = Release|Any CPU
	EndGlobalSection
	GlobalSection(ProjectConfigurationPlatforms) = postSolution
		{6779BD96-9F98-49E2-A874-782060E0ADFD}.Debug|Any CPU.ActiveCfg = Debug|Any CPU
		{6779BD96-9F98-49E2-A874-782060E0ADFD}.Debug|Any CPU.Build.0 = Debug|Any CPU
		{6779BD96-9F98-49E2-A874-782060E0ADFD}.Release|Any CPU.ActiveCfg = Release|Any CPU
		{6779BD96-9F98-49E2-A874-782060E0ADFD}.Release|Any CPU.Build.0 = Release|Any CPU
	EndGlobalSection
	GlobalSection(SolutionProperties) = preSolution
		HideSolutionNode = FALSE
	EndGlobalSection
	GlobalSection(ExtensibilityGlobals) = postSolution
		SolutionGuid = {DFF94A59-29D3-4D93-B8C6-636BAEBD538F}
	EndGlobalSection
EndGlobal
